
Microsoft Visual Studio Solution File, Format Version 12.00
# Visual Studio 15
VisualStudioVersion = 15.0.27130.2026
MinimumVisualStudioVersion = 10.0.40219.1
Project("{FAE04EC0-301F-11D3-BF4B-00C04F79EFBC}") = "Wr.UmbFormsBrontoWorkflow", "Wr.UmbFormsBrontoWorkflow\Wr.UmbFormsBrontoWorkflow.csproj", "{1A034487-F926-4783-BC86-4445B5480EE9}"
EndProject
Project("{FAE04EC0-301F-11D3-BF4B-00C04F79EFBC}") = "Wr.UmbFormsBrontoWorkflow.Tests", "Wr.UmbFormsBrontoWorkflow.Tests\Wr.UmbFormsBrontoWorkflow.Tests.csproj", "{061A458C-1FE1-48EA-AF24-16C25426600B}"
EndProject
Project("{2150E333-8FDC-42A3-9474-1A3956D46DE8}") = "Solution Items", "Solution Items", "{2320841D-8C5A-43B2-8E8E-7884315FA6C3}"
	ProjectSection(SolutionItems) = preProject
		appveyor.yml = appveyor.yml
	EndProjectSection
EndProject
Global
	GlobalSection(SolutionConfigurationPlatforms) = preSolution
		Debug|Any CPU = Debug|Any CPU
		Release|Any CPU = Release|Any CPU
	EndGlobalSection
	GlobalSection(ProjectConfigurationPlatforms) = postSolution
		{1A034487-F926-4783-BC86-4445B5480EE9}.Debug|Any CPU.ActiveCfg = Debug|Any CPU
		{1A034487-F926-4783-BC86-4445B5480EE9}.Debug|Any CPU.Build.0 = Debug|Any CPU
		{1A034487-F926-4783-BC86-4445B5480EE9}.Release|Any CPU.ActiveCfg = Release|Any CPU
		{1A034487-F926-4783-BC86-4445B5480EE9}.Release|Any CPU.Build.0 = Release|Any CPU
		{061A458C-1FE1-48EA-AF24-16C25426600B}.Debug|Any CPU.ActiveCfg = Debug|Any CPU
		{061A458C-1FE1-48EA-AF24-16C25426600B}.Debug|Any CPU.Build.0 = Debug|Any CPU
		{061A458C-1FE1-48EA-AF24-16C25426600B}.Release|Any CPU.ActiveCfg = Release|Any CPU
		{061A458C-1FE1-48EA-AF24-16C25426600B}.Release|Any CPU.Build.0 = Release|Any CPU
	EndGlobalSection
	GlobalSection(SolutionProperties) = preSolution
		HideSolutionNode = FALSE
	EndGlobalSection
	GlobalSection(ExtensibilityGlobals) = postSolution
		SolutionGuid = {D3C36847-5A0D-43F3-9BD1-575BF7871DDA}
	EndGlobalSection
EndGlobal
